
Microsoft Visual Studio Solution File, Format Version 12.00
# Visual Studio Version 17
VisualStudioVersion = 17.3.32811.315
MinimumVisualStudioVersion = 10.0.40219.1
Project("{FAE04EC0-301F-11D3-BF4B-00C04F79EFBC}") = "EFC6.Ch2.FitnessApp.Console", "EFC6.Ch2.FitnessApp.Console\EFC6.Ch2.FitnessApp.Console.csproj", "{233F715F-3F5B-4BB0-9A7F-6A76F51029BE}"
EndProject
Project("{FAE04EC0-301F-11D3-BF4B-00C04F79EFBC}") = "EFC6.Ch2.FitnessApp.Data", "EFC6.Ch2.FitnessApp.Data\EFC6.Ch2.FitnessApp.Data.csproj", "{684D35E1-A3C7-400A-BFF9-3EA052A8FDA2}"
EndProject
Project("{FAE04EC0-301F-11D3-BF4B-00C04F79EFBC}") = "EFC6.Ch2.FitnessApp.Domain", "EFC6.Ch2.FitnessApp.Domain\EFC6.Ch2.FitnessApp.Domain.csproj", "{374C12FB-3AB9-4295-B53F-474C87EED187}"
EndProject
Global
	GlobalSection(SolutionConfigurationPlatforms) = preSolution
		Debug|Any CPU = Debug|Any CPU
		Release|Any CPU = Release|Any CPU
	EndGlobalSection
	GlobalSection(ProjectConfigurationPlatforms) = postSolution
		{233F715F-3F5B-4BB0-9A7F-6A76F51029BE}.Debug|Any CPU.ActiveCfg = Debug|Any CPU
		{233F715F-3F5B-4BB0-9A7F-6A76F51029BE}.Debug|Any CPU.Build.0 = Debug|Any CPU
		{233F715F-3F5B-4BB0-9A7F-6A76F51029BE}.Release|Any CPU.ActiveCfg = Release|Any CPU
		{233F715F-3F5B-4BB0-9A7F-6A76F51029BE}.Release|Any CPU.Build.0 = Release|Any CPU
		{684D35E1-A3C7-400A-BFF9-3EA052A8FDA2}.Debug|Any CPU.ActiveCfg = Debug|Any CPU
		{684D35E1-A3C7-400A-BFF9-3EA052A8FDA2}.Debug|Any CPU.Build.0 = Debug|Any CPU
		{684D35E1-A3C7-400A-BFF9-3EA052A8FDA2}.Release|Any CPU.ActiveCfg = Release|Any CPU
		{684D35E1-A3C7-400A-BFF9-3EA052A8FDA2}.Release|Any CPU.Build.0 = Release|Any CPU
		{374C12FB-3AB9-4295-B53F-474C87EED187}.Debug|Any CPU.ActiveCfg = Debug|Any CPU
		{374C12FB-3AB9-4295-B53F-474C87EED187}.Debug|Any CPU.Build.0 = Debug|Any CPU
		{374C12FB-3AB9-4295-B53F-474C87EED187}.Release|Any CPU.ActiveCfg = Release|Any CPU
		{374C12FB-3AB9-4295-B53F-474C87EED187}.Release|Any CPU.Build.0 = Release|Any CPU
	EndGlobalSection
	GlobalSection(SolutionProperties) = preSolution
		HideSolutionNode = FALSE
	EndGlobalSection
	GlobalSection(ExtensibilityGlobals) = postSolution
		SolutionGuid = {05BBAB04-DAEC-48CF-8C78-0647AEF78E74}
	EndGlobalSection
EndGlobal
